<?xml version="1.0" encoding="utf-8"?>
<Project ToolsVersion="4.0" xmlns="http://schemas.microsoft.com/developer/msbuild/2003">
  <ItemGroup>
    <ClCompile Include="UnitTest.c" />
  </ItemGroup>
  <ItemGroup>
    <ClInclude Include="..\Include\KNSoft\NDK\UnitTest\UnitTest.h" />
  </ItemGroup>
</Project>