<?xml version="1.0" encoding="utf-8"?>
<Project ToolsVersion="4.0" xmlns="http://schemas.microsoft.com/developer/msbuild/2003">
  <ItemGroup>
    <Filter Include="Extension">
      <UniqueIdentifier>{0824e6bd-fba8-4ba1-a245-1c0743fc1404}</UniqueIdentifier>
    </Filter>
    <Filter Include="NT">
      <UniqueIdentifier>{3769bb18-ab05-4c44-8684-2ff9124963ae}</UniqueIdentifier>
    </Filter>
    <Filter Include="NT\Types">
      <UniqueIdentifier>{41be1bc2-0092-4e39-af06-05d24bcb1fcc}</UniqueIdentifier>
    </Filter>
    <Filter Include="NT\Private">
      <UniqueIdentifier>{2e85c850-9b91-4075-b52c-19c59f8872c0}</UniqueIdentifier>
    </Filter>
    <Filter Include="Win32">
      <UniqueIdentifier>{347e9f2f-faac-4fa8-b572-16ecdf28ed59}</UniqueIdentifier>
    </Filter>
    <Filter Include="Win32\Def">
      <UniqueIdentifier>{9f7bef88-765d-47ea-93a4-dbd29859e6e3}</UniqueIdentifier>
    </Filter>
    <Filter Include="Win32\API">
      <UniqueIdentifier>{b8cf96b3-56aa-4366-920a-77b5f9d68ee9}</UniqueIdentifier>
    </Filter>
    <Filter Include="NT\API">
      <UniqueIdentifier>{c2d448d8-eace-41a6-a2cb-f83cd2106c72}</UniqueIdentifier>
    </Filter>
    <Filter Include="UnitTest">
      <UniqueIdentifier>{a8b5d84e-895c-4b3c-843e-85298108c298}</UniqueIdentifier>
    </Filter>
  </ItemGroup>
  <ItemGroup>
    <ClInclude Include="..\Include\KNSoft\NDK\NDK.h" />
    <ClInclude Include="..\Include\KNSoft\NDK\NT\Extension.h">
      <Filter>NT</Filter>
    </ClInclude>
    <ClInclude Include="..\Include\KNSoft\NDK\NT\Macro.h">
      <Filter>NT</Filter>
    </ClInclude>
    <ClInclude Include="..\Include\KNSoft\NDK\NT\MinDef.h">
      <Filter>NT</Filter>
    </ClInclude>
    <ClInclude Include="..\Include\KNSoft\NDK\NT\NT.h">
      <Filter>NT</Filter>
    </ClInclude>
    <ClInclude Include="..\Include\KNSoft\NDK\NT\Types\Advance.h">
      <Filter>NT\Types</Filter>
    </ClInclude>
    <ClInclude Include="..\Include\KNSoft\NDK\NT\Types\Basic.h">
      <Filter>NT\Types</Filter>
    </ClInclude>
    <ClInclude Include="..\Include\KNSoft\NDK\NT\Types\Ex.h">
      <Filter>NT\Types</Filter>
    </ClInclude>
    <ClInclude Include="..\Include\KNSoft\NDK\NT\Types\Fs.h">
      <Filter>NT\Types</Filter>
    </ClInclude>
    <ClInclude Include="..\Include\KNSoft\NDK\NT\Types\Io.h">
      <Filter>NT\Types</Filter>
    </ClInclude>
    <ClInclude Include="..\Include\KNSoft\NDK\NT\Types\Ke.h">
      <Filter>NT\Types</Filter>
    </ClInclude>
    <ClInclude Include="..\Include\KNSoft\NDK\NT\Types\Ldr.h">
      <Filter>NT\Types</Filter>
    </ClInclude>
    <ClInclude Include="..\Include\KNSoft\NDK\NT\Types\Mm.h">
      <Filter>NT\Types</Filter>
    </ClInclude>
    <ClInclude Include="..\Include\KNSoft\NDK\NT\Types\Ob.h">
      <Filter>NT\Types</Filter>
    </ClInclude>
    <ClInclude Include="..\Include\KNSoft\NDK\NT\Types\Ps.h">
      <Filter>NT\Types</Filter>
    </ClInclude>
    <ClInclude Include="..\Include\KNSoft\NDK\NT\Types\Cm.h">
      <Filter>NT\Types</Filter>
    </ClInclude>
    <ClInclude Include="..\Include\KNSoft\NDK\NT\Types\Rtl.h">
      <Filter>NT\Types</Filter>
    </ClInclude>
    <ClInclude Include="..\Include\KNSoft\NDK\NT\Types\Se.h">
      <Filter>NT\Types</Filter>
    </ClInclude>
    <ClInclude Include="..\Include\KNSoft\NDK\NT\Types\Sys.h">
      <Filter>NT\Types</Filter>
    </ClInclude>
    <ClInclude Include="..\Include\KNSoft\NDK\NT\Types\Types.h">
      <Filter>NT\Types</Filter>
    </ClInclude>
    <ClInclude Include="..\Include\KNSoft\NDK\NT\Private\Ntdef_Around.h">
      <Filter>NT\Private</Filter>
    </ClInclude>
    <ClInclude Include="..\Include\KNSoft\NDK\NT\Private\TargetArch.h">
      <Filter>NT\Private</Filter>
    </ClInclude>
    <ClInclude Include="..\Include\KNSoft\NDK\NT\Private\Winnt_Around.h">
      <Filter>NT\Private</Filter>
    </ClInclude>
    <ClInclude Include="..\Include\KNSoft\NDK\Extension\CPUID.h">
      <Filter>Extension</Filter>
    </ClInclude>
    <ClInclude Include="..\Include\KNSoft\NDK\Extension\Extension.h">
      <Filter>Extension</Filter>
    </ClInclude>
    <ClInclude Include="..\Include\KNSoft\NDK\Extension\MSToolChain.h">
      <Filter>Extension</Filter>
    </ClInclude>
    <ClInclude Include="..\Include\KNSoft\NDK\Extension\SMBIOS.h">
      <Filter>Extension</Filter>
    </ClInclude>
    <ClInclude Include="..\Include\KNSoft\NDK\Extension\StrSafe.h">
      <Filter>Extension</Filter>
    </ClInclude>
    <ClInclude Include="..\Include\KNSoft\NDK\Win32\Def\CommCtrl.h">
      <Filter>Win32\Def</Filter>
    </ClInclude>
    <ClInclude Include="..\Include\KNSoft\NDK\Win32\Def\winsta.h">
      <Filter>Win32\Def</Filter>
    </ClInclude>
    <ClInclude Include="..\Include\KNSoft\NDK\Win32\Def\WinUser.h">
      <Filter>Win32\Def</Filter>
    </ClInclude>
    <ClInclude Include="..\Include\KNSoft\NDK\Win32\API\Kernel32.h">
      <Filter>Win32\API</Filter>
    </ClInclude>
    <ClInclude Include="..\Include\KNSoft\NDK\Win32\API\Ntdll.h">
      <Filter>Win32\API</Filter>
    </ClInclude>
    <ClInclude Include="..\Include\KNSoft\NDK\Win32\API\Ntdll.Hash.h">
      <Filter>Win32\API</Filter>
    </ClInclude>
    <ClInclude Include="..\Include\KNSoft\NDK\Win32\API\User32.h">
      <Filter>Win32\API</Filter>
    </ClInclude>
    <ClInclude Include="..\Include\KNSoft\NDK\Win32\API\WinSta.h">
      <Filter>Win32\API</Filter>
    </ClInclude>
    <ClInclude Include="..\Include\KNSoft\NDK\NT\API\API.h">
      <Filter>NT\API</Filter>
    </ClInclude>
    <ClInclude Include="..\Include\KNSoft\NDK\Win32\API\Ntdll.Csr.h">
      <Filter>Win32\API</Filter>
    </ClInclude>
    <ClInclude Include="..\Include\KNSoft\NDK\Win32\API\Ntdll.Ldr.h">
      <Filter>Win32\API</Filter>
    </ClInclude>
    <ClInclude Include="..\Include\KNSoft\NDK\Win32\API\Ntdll.Dbg.h">
      <Filter>Win32\API</Filter>
    </ClInclude>
    <ClInclude Include="..\Include\KNSoft\NDK\NT\API\Rtl.String.h">
      <Filter>NT\API</Filter>
    </ClInclude>
    <ClInclude Include="..\Include\KNSoft\NDK\NT\API\Rtl.Process.h">
      <Filter>NT\API</Filter>
    </ClInclude>
    <ClInclude Include="..\Include\KNSoft\NDK\NT\API\Rtl.Synchronization.h">
      <Filter>NT\API</Filter>
    </ClInclude>
    <ClInclude Include="..\Include\KNSoft\NDK\NT\API\Rtl.Path.h">
      <Filter>NT\API</Filter>
    </ClInclude>
    <ClInclude Include="..\Include\KNSoft\NDK\NT\API\Rtl.Heap.h">
      <Filter>NT\API</Filter>
    </ClInclude>
    <ClInclude Include="..\Include\KNSoft\NDK\NT\API\Rtl.Security.h">
      <Filter>NT\API</Filter>
    </ClInclude>
    <ClInclude Include="..\Include\KNSoft\NDK\NT\API\Rtl.Bitmap.h">
      <Filter>NT\API</Filter>
    </ClInclude>
    <ClInclude Include="..\Include\KNSoft\NDK\NT\API\Rtl.Random.h">
      <Filter>NT\API</Filter>
    </ClInclude>
    <ClInclude Include="..\Include\KNSoft\NDK\NT\API\Mm.h">
      <Filter>NT\API</Filter>
    </ClInclude>
    <ClInclude Include="..\Include\KNSoft\NDK\NT\API\Ob.h">
      <Filter>NT\API</Filter>
    </ClInclude>
    <ClInclude Include="..\Include\KNSoft\NDK\NT\API\Ps.h">
      <Filter>NT\API</Filter>
    </ClInclude>
    <ClInclude Include="..\Include\KNSoft\NDK\NT\API\Fs.h">
      <Filter>NT\API</Filter>
    </ClInclude>
    <ClInclude Include="..\Include\KNSoft\NDK\NT\API\Se.h">
      <Filter>NT\API</Filter>
    </ClInclude>
    <ClInclude Include="..\Include\KNSoft\NDK\NT\API\Cm.h">
      <Filter>NT\API</Filter>
    </ClInclude>
    <ClInclude Include="..\Include\KNSoft\NDK\NT\API\Sys.h">
      <Filter>NT\API</Filter>
    </ClInclude>
    <ClInclude Include="..\Include\KNSoft\NDK\NT\API\Wow.h">
      <Filter>NT\API</Filter>
    </ClInclude>
    <ClInclude Include="..\Include\KNSoft\NDK\NT\API\Ex.h">
      <Filter>NT\API</Filter>
    </ClInclude>
    <ClInclude Include="..\Include\KNSoft\NDK\NT\API\Rtl.List.h">
      <Filter>NT\API</Filter>
    </ClInclude>
    <ClInclude Include="..\Include\KNSoft\NDK\NT\API\Rtl.Bitmap.inl">
      <Filter>NT\API</Filter>
    </ClInclude>
    <ClInclude Include="..\Include\KNSoft\NDK\UnitTest\UnitTest.h">
      <Filter>UnitTest</Filter>
    </ClInclude>
  </ItemGroup>
  <ItemGroup>
    <None Include="packages.config" />
    <None Include="..\Include\KNSoft\NDK\NT\API\Rtl.Security.inl">
      <Filter>NT\API</Filter>
    </None>
    <None Include="..\Include\KNSoft\NDK\NT\API\Rtl.Synchronization.inl">
      <Filter>NT\API</Filter>
    </None>
    <None Include="..\Include\KNSoft\NDK\UnitTest\UnitTest.inl">
      <Filter>UnitTest</Filter>
    </None>
  </ItemGroup>
  <ItemGroup>
    <Precomp4C_LibCreate Include="WinAPI\KNSoft.NDK.WinAPI.xml">
      <Filter>Win32\API</Filter>
    </Precomp4C_LibCreate>
    <Precomp4C_LibCreate Include="WinAPI\KNSoft.NDK.Ntdll.Hash.xml">
      <Filter>Win32\API</Filter>
    </Precomp4C_LibCreate>
  </ItemGroup>
</Project>