<?xml version="1.0" encoding="utf-8"?>
<Project ToolsVersion="4.0" xmlns="http://schemas.microsoft.com/developer/msbuild/2003">
  <ItemGroup>
    <Filter Include="Extension">
      <UniqueIdentifier>{0824e6bd-fba8-4ba1-a245-1c0743fc1404}</UniqueIdentifier>
    </Filter>
    <Filter Include="NT">
      <UniqueIdentifier>{3769bb18-ab05-4c44-8684-2ff9124963ae}</UniqueIdentifier>
    </Filter>
    <Filter Include="NT\Types">
      <UniqueIdentifier>{41be1bc2-0092-4e39-af06-05d24bcb1fcc}</UniqueIdentifier>
    </Filter>
    <Filter Include="NT\Private">
      <UniqueIdentifier>{2e85c850-9b91-4075-b52c-19c59f8872c0}</UniqueIdentifier>
    </Filter>
    <Filter Include="WinDef">
      <UniqueIdentifier>{347e9f2f-faac-4fa8-b572-16ecdf28ed59}</UniqueIdentifier>
    </Filter>
    <Filter Include="WinDef\Addendum">
      <UniqueIdentifier>{b16b103b-f035-4094-a5ed-607db33d7845}</UniqueIdentifier>
    </Filter>
    <Filter Include="WinDef\WinAPI">
      <UniqueIdentifier>{b8cf96b3-56aa-4366-920a-77b5f9d68ee9}</UniqueIdentifier>
    </Filter>
  </ItemGroup>
  <ItemGroup>
    <ClInclude Include="..\Include\KNSoft\NDK\NDK.h" />
    <ClInclude Include="..\Include\KNSoft\NDK\WinDef\API\Kernel32.h">
      <Filter>WinDef\WinAPI</Filter>
    </ClInclude>
    <ClInclude Include="..\Include\KNSoft\NDK\WinDef\API\Ntdll.h">
      <Filter>WinDef\WinAPI</Filter>
    </ClInclude>
    <ClInclude Include="..\Include\KNSoft\NDK\WinDef\API\Ntdll.Hash.h">
      <Filter>WinDef\WinAPI</Filter>
    </ClInclude>
    <ClInclude Include="..\Include\KNSoft\NDK\WinDef\API\User32.h">
      <Filter>WinDef\WinAPI</Filter>
    </ClInclude>
    <ClInclude Include="..\Include\KNSoft\NDK\WinDef\API\WinSta.h">
      <Filter>WinDef\WinAPI</Filter>
    </ClInclude>
    <ClInclude Include="..\Include\KNSoft\NDK\WinDef\Addendum\CommCtrl.h">
      <Filter>WinDef\Addendum</Filter>
    </ClInclude>
    <ClInclude Include="..\Include\KNSoft\NDK\WinDef\Addendum\winsta.h">
      <Filter>WinDef\Addendum</Filter>
    </ClInclude>
    <ClInclude Include="..\Include\KNSoft\NDK\WinDef\Addendum\WinUser.h">
      <Filter>WinDef\Addendum</Filter>
    </ClInclude>
    <ClInclude Include="..\Include\KNSoft\NDK\NT\Extension.h">
      <Filter>NT</Filter>
    </ClInclude>
    <ClInclude Include="..\Include\KNSoft\NDK\NT\Macro.h">
      <Filter>NT</Filter>
    </ClInclude>
    <ClInclude Include="..\Include\KNSoft\NDK\NT\MinDef.h">
      <Filter>NT</Filter>
    </ClInclude>
    <ClInclude Include="..\Include\KNSoft\NDK\NT\NT.h">
      <Filter>NT</Filter>
    </ClInclude>
    <ClInclude Include="..\Include\KNSoft\NDK\NT\Types\Advance.h">
      <Filter>NT\Types</Filter>
    </ClInclude>
    <ClInclude Include="..\Include\KNSoft\NDK\NT\Types\Basic.h">
      <Filter>NT\Types</Filter>
    </ClInclude>
    <ClInclude Include="..\Include\KNSoft\NDK\NT\Types\Ex.h">
      <Filter>NT\Types</Filter>
    </ClInclude>
    <ClInclude Include="..\Include\KNSoft\NDK\NT\Types\Fs.h">
      <Filter>NT\Types</Filter>
    </ClInclude>
    <ClInclude Include="..\Include\KNSoft\NDK\NT\Types\Io.h">
      <Filter>NT\Types</Filter>
    </ClInclude>
    <ClInclude Include="..\Include\KNSoft\NDK\NT\Types\Ke.h">
      <Filter>NT\Types</Filter>
    </ClInclude>
    <ClInclude Include="..\Include\KNSoft\NDK\NT\Types\Ldr.h">
      <Filter>NT\Types</Filter>
    </ClInclude>
    <ClInclude Include="..\Include\KNSoft\NDK\NT\Types\Mm.h">
      <Filter>NT\Types</Filter>
    </ClInclude>
    <ClInclude Include="..\Include\KNSoft\NDK\NT\Types\Ob.h">
      <Filter>NT\Types</Filter>
    </ClInclude>
    <ClInclude Include="..\Include\KNSoft\NDK\NT\Types\Ps.h">
      <Filter>NT\Types</Filter>
    </ClInclude>
    <ClInclude Include="..\Include\KNSoft\NDK\NT\Types\Reg.h">
      <Filter>NT\Types</Filter>
    </ClInclude>
    <ClInclude Include="..\Include\KNSoft\NDK\NT\Types\Rtl.h">
      <Filter>NT\Types</Filter>
    </ClInclude>
    <ClInclude Include="..\Include\KNSoft\NDK\NT\Types\Se.h">
      <Filter>NT\Types</Filter>
    </ClInclude>
    <ClInclude Include="..\Include\KNSoft\NDK\NT\Types\Sys.h">
      <Filter>NT\Types</Filter>
    </ClInclude>
    <ClInclude Include="..\Include\KNSoft\NDK\NT\Types\Types.h">
      <Filter>NT\Types</Filter>
    </ClInclude>
    <ClInclude Include="..\Include\KNSoft\NDK\NT\Private\Ntdef_Around.h">
      <Filter>NT\Private</Filter>
    </ClInclude>
    <ClInclude Include="..\Include\KNSoft\NDK\NT\Private\TargetArch.h">
      <Filter>NT\Private</Filter>
    </ClInclude>
    <ClInclude Include="..\Include\KNSoft\NDK\NT\Private\Winnt_Around.h">
      <Filter>NT\Private</Filter>
    </ClInclude>
    <ClInclude Include="..\Include\KNSoft\NDK\Extension\CPUID.h">
      <Filter>Extension</Filter>
    </ClInclude>
    <ClInclude Include="..\Include\KNSoft\NDK\Extension\Extension.h">
      <Filter>Extension</Filter>
    </ClInclude>
    <ClInclude Include="..\Include\KNSoft\NDK\Extension\MSToolChain.h">
      <Filter>Extension</Filter>
    </ClInclude>
    <ClInclude Include="..\Include\KNSoft\NDK\Extension\SMBIOS.h">
      <Filter>Extension</Filter>
    </ClInclude>
    <ClInclude Include="..\Include\KNSoft\NDK\Extension\StrSafe.h">
      <Filter>Extension</Filter>
    </ClInclude>
  </ItemGroup>
  <ItemGroup>
    <None Include="packages.config" />
  </ItemGroup>
  <ItemGroup>
    <Precomp4C_LibCreate Include="WinAPI\KNSoft.NDK.WinAPI.xml">
      <Filter>WinDef\WinAPI</Filter>
    </Precomp4C_LibCreate>
    <Precomp4C_LibCreate Include="WinAPI\KNSoft.NDK.Ntdll.Hash.xml">
      <Filter>WinDef\WinAPI</Filter>
    </Precomp4C_LibCreate>
  </ItemGroup>
</Project>